
Microsoft Visual Studio Solution File, Format Version 12.00
# Visual Studio Version 17
VisualStudioVersion = 17.13.35931.197 d17.13
MinimumVisualStudioVersion = 10.0.40219.1
Project("{FAE04EC0-301F-11D3-BF4B-00C04F79EFBC}") = "RPGNew", "ConsoleApp1\RPGNew.csproj", "{7186268F-45F3-4F0A-907B-115D6F6B521F}"
EndProject
Global
	GlobalSection(SolutionConfigurationPlatforms) = preSolution
		Debug|Any CPU = Debug|Any CPU
		Release|Any CPU = Release|Any CPU
	EndGlobalSection
	GlobalSection(ProjectConfigurationPlatforms) = postSolution
		{7186268F-45F3-4F0A-907B-115D6F6B521F}.Debug|Any CPU.ActiveCfg = Debug|Any CPU
		{7186268F-45F3-4F0A-907B-115D6F6B521F}.Debug|Any CPU.Build.0 = Debug|Any CPU
		{7186268F-45F3-4F0A-907B-115D6F6B521F}.Release|Any CPU.ActiveCfg = Release|Any CPU
		{7186268F-45F3-4F0A-907B-115D6F6B521F}.Release|Any CPU.Build.0 = Release|Any CPU
	EndGlobalSection
	GlobalSection(SolutionProperties) = preSolution
		HideSolutionNode = FALSE
	EndGlobalSection
	GlobalSection(ExtensibilityGlobals) = postSolution
		SolutionGuid = {3EB5CF46-663F-4197-B030-408B10616EAE}
	EndGlobalSection
EndGlobal
